// !$*UTF8*$!
{
	archiveVersion = 1;
	classes = {
	};
	objectVersion = 56;
	objects = {

/* Begin PBXBuildFile section */
		4D8944572A2890B400FECF28 /* AppDelegate.swift in Sources */ = {isa = PBXBuildFile; fileRef = 4D8944562A2890B400FECF28 /* AppDelegate.swift */; };
		4D8944592A2890B400FECF28 /* SceneDelegate.swift in Sources */ = {isa = PBXBuildFile; fileRef = 4D8944582A2890B400FECF28 /* SceneDelegate.swift */; };
		4D89445B2A2890B400FECF28 /* MainViewController.swift in Sources */ = {isa = PBXBuildFile; fileRef = 4D89445A2A2890B400FECF28 /* MainViewController.swift */; };
		4D8944612A2890B400FECF28 /* WeatherWatch___Time_and_Weather.xcdatamodeld in Sources */ = {isa = PBXBuildFile; fileRef = 4D89445F2A2890B400FECF28 /* WeatherWatch___Time_and_Weather.xcdatamodeld */; };
		4D8944632A2890B600FECF28 /* Assets.xcassets in Resources */ = {isa = PBXBuildFile; fileRef = 4D8944622A2890B600FECF28 /* Assets.xcassets */; };
		4D8944662A2890B600FECF28 /* LaunchScreen.storyboard in Resources */ = {isa = PBXBuildFile; fileRef = 4D8944642A2890B600FECF28 /* LaunchScreen.storyboard */; };
		4D8944712A2890B600FECF28 /* WeatherWatch___Time_and_WeatherTests.swift in Sources */ = {isa = PBXBuildFile; fileRef = 4D8944702A2890B600FECF28 /* WeatherWatch___Time_and_WeatherTests.swift */; };
		4D89447B2A2890B600FECF28 /* WeatherWatch___Time_and_WeatherUITests.swift in Sources */ = {isa = PBXBuildFile; fileRef = 4D89447A2A2890B600FECF28 /* WeatherWatch___Time_and_WeatherUITests.swift */; };
		4D89447D2A2890B600FECF28 /* WeatherWatch___Time_and_WeatherUITestsLaunchTests.swift in Sources */ = {isa = PBXBuildFile; fileRef = 4D89447C2A2890B600FECF28 /* WeatherWatch___Time_and_WeatherUITestsLaunchTests.swift */; };
		4D89448A2A28C80500FECF28 /* Clock.swift in Sources */ = {isa = PBXBuildFile; fileRef = 4D8944892A28C80500FECF28 /* Clock.swift */; };
		4D89448C2A28DB4C00FECF28 /* SpeechSynthesizer.swift in Sources */ = {isa = PBXBuildFile; fileRef = 4D89448B2A28DB4C00FECF28 /* SpeechSynthesizer.swift */; };
		4D89448F2A28DC0C00FECF28 /* SupportedLanagues.swift in Sources */ = {isa = PBXBuildFile; fileRef = 4D89448E2A28DC0C00FECF28 /* SupportedLanagues.swift */; };
		4D8944922A2B3AD900FECF28 /* KeychainSwift in Frameworks */ = {isa = PBXBuildFile; productRef = 4D8944912A2B3AD900FECF28 /* KeychainSwift */; };
		4D8944942A2B3C4800FECF28 /* UserConfiguration.swift in Sources */ = {isa = PBXBuildFile; fileRef = 4D8944932A2B3C4800FECF28 /* UserConfiguration.swift */; };
		4D8944962A2B6DF100FECF28 /* TestUserConfiguration.swift in Sources */ = {isa = PBXBuildFile; fileRef = 4D8944952A2B6DF100FECF28 /* TestUserConfiguration.swift */; };
/* End PBXBuildFile section */

/* Begin PBXContainerItemProxy section */
		4D89446D2A2890B600FECF28 /* PBXContainerItemProxy */ = {
			isa = PBXContainerItemProxy;
			containerPortal = 4D89444B2A2890B300FECF28 /* Project object */;
			proxyType = 1;
			remoteGlobalIDString = 4D8944522A2890B400FECF28;
			remoteInfo = "WeatherWatch - Time and Weather";
		};
		4D8944772A2890B600FECF28 /* PBXContainerItemProxy */ = {
			isa = PBXContainerItemProxy;
			containerPortal = 4D89444B2A2890B300FECF28 /* Project object */;
			proxyType = 1;
			remoteGlobalIDString = 4D8944522A2890B400FECF28;
			remoteInfo = "WeatherWatch - Time and Weather";
		};
/* End PBXContainerItemProxy section */

/* Begin PBXFileReference section */
		4D8944532A2890B400FECF28 /* WeatherWatch - Time and Weather.app */ = {isa = PBXFileReference; explicitFileType = wrapper.application; includeInIndex = 0; path = "WeatherWatch - Time and Weather.app"; sourceTree = BUILT_PRODUCTS_DIR; };
		4D8944562A2890B400FECF28 /* AppDelegate.swift */ = {isa = PBXFileReference; lastKnownFileType = sourcecode.swift; path = AppDelegate.swift; sourceTree = "<group>"; };
		4D8944582A2890B400FECF28 /* SceneDelegate.swift */ = {isa = PBXFileReference; lastKnownFileType = sourcecode.swift; path = SceneDelegate.swift; sourceTree = "<group>"; };
		4D89445A2A2890B400FECF28 /* MainViewController.swift */ = {isa = PBXFileReference; lastKnownFileType = sourcecode.swift; path = MainViewController.swift; sourceTree = "<group>"; };
		4D8944602A2890B400FECF28 /* WeatherWatch___Time_and_Weather.xcdatamodel */ = {isa = PBXFileReference; lastKnownFileType = wrapper.xcdatamodel; path = "WeatherWatch___Time_and_Weather.xcdatamodel"; sourceTree = "<group>"; };
		4D8944622A2890B600FECF28 /* Assets.xcassets */ = {isa = PBXFileReference; lastKnownFileType = folder.assetcatalog; path = Assets.xcassets; sourceTree = "<group>"; };
		4D8944652A2890B600FECF28 /* Base */ = {isa = PBXFileReference; lastKnownFileType = file.storyboard; name = Base; path = Base.lproj/LaunchScreen.storyboard; sourceTree = "<group>"; };
		4D8944672A2890B600FECF28 /* Info.plist */ = {isa = PBXFileReference; lastKnownFileType = text.plist.xml; path = Info.plist; sourceTree = "<group>"; };
		4D89446C2A2890B600FECF28 /* WeatherWatch - Time and WeatherTests.xctest */ = {isa = PBXFileReference; explicitFileType = wrapper.cfbundle; includeInIndex = 0; path = "WeatherWatch - Time and WeatherTests.xctest"; sourceTree = BUILT_PRODUCTS_DIR; };
		4D8944702A2890B600FECF28 /* WeatherWatch___Time_and_WeatherTests.swift */ = {isa = PBXFileReference; lastKnownFileType = sourcecode.swift; path = "WeatherWatch___Time_and_WeatherTests.swift"; sourceTree = "<group>"; };
		4D8944762A2890B600FECF28 /* WeatherWatch - Time and WeatherUITests.xctest */ = {isa = PBXFileReference; explicitFileType = wrapper.cfbundle; includeInIndex = 0; path = "WeatherWatch - Time and WeatherUITests.xctest"; sourceTree = BUILT_PRODUCTS_DIR; };
		4D89447A2A2890B600FECF28 /* WeatherWatch___Time_and_WeatherUITests.swift */ = {isa = PBXFileReference; lastKnownFileType = sourcecode.swift; path = "WeatherWatch___Time_and_WeatherUITests.swift"; sourceTree = "<group>"; };
		4D89447C2A2890B600FECF28 /* WeatherWatch___Time_and_WeatherUITestsLaunchTests.swift */ = {isa = PBXFileReference; lastKnownFileType = sourcecode.swift; path = "WeatherWatch___Time_and_WeatherUITestsLaunchTests.swift"; sourceTree = "<group>"; };
		4D8944892A28C80500FECF28 /* Clock.swift */ = {isa = PBXFileReference; lastKnownFileType = sourcecode.swift; path = Clock.swift; sourceTree = "<group>"; };
		4D89448B2A28DB4C00FECF28 /* SpeechSynthesizer.swift */ = {isa = PBXFileReference; lastKnownFileType = sourcecode.swift; path = SpeechSynthesizer.swift; sourceTree = "<group>"; };
		4D89448E2A28DC0C00FECF28 /* SupportedLanagues.swift */ = {isa = PBXFileReference; lastKnownFileType = sourcecode.swift; path = SupportedLanagues.swift; sourceTree = "<group>"; };
		4D8944932A2B3C4800FECF28 /* UserConfiguration.swift */ = {isa = PBXFileReference; lastKnownFileType = sourcecode.swift; path = UserConfiguration.swift; sourceTree = "<group>"; };
		4D8944952A2B6DF100FECF28 /* TestUserConfiguration.swift */ = {isa = PBXFileReference; lastKnownFileType = sourcecode.swift; path = TestUserConfiguration.swift; sourceTree = "<group>"; };
/* End PBXFileReference section */

/* Begin PBXFrameworksBuildPhase section */
		4D8944502A2890B400FECF28 /* Frameworks */ = {
			isa = PBXFrameworksBuildPhase;
			buildActionMask = 2147483647;
			files = (
				4D8944922A2B3AD900FECF28 /* KeychainSwift in Frameworks */,
			);
			runOnlyForDeploymentPostprocessing = 0;
		};
		4D8944692A2890B600FECF28 /* Frameworks */ = {
			isa = PBXFrameworksBuildPhase;
			buildActionMask = 2147483647;
			files = (
			);
			runOnlyForDeploymentPostprocessing = 0;
		};
		4D8944732A2890B600FECF28 /* Frameworks */ = {
			isa = PBXFrameworksBuildPhase;
			buildActionMask = 2147483647;
			files = (
			);
			runOnlyForDeploymentPostprocessing = 0;
		};
/* End PBXFrameworksBuildPhase section */

/* Begin PBXGroup section */
		4D89444A2A2890B300FECF28 = {
			isa = PBXGroup;
			children = (
				4D8944552A2890B400FECF28 /* WeatherWatch - Time and Weather */,
				4D89446F2A2890B600FECF28 /* WeatherWatch - Time and WeatherTests */,
				4D8944792A2890B600FECF28 /* WeatherWatch - Time and WeatherUITests */,
				4D8944542A2890B400FECF28 /* Products */,
			);
			sourceTree = "<group>";
		};
		4D8944542A2890B400FECF28 /* Products */ = {
			isa = PBXGroup;
			children = (
				4D8944532A2890B400FECF28 /* WeatherWatch - Time and Weather.app */,
				4D89446C2A2890B600FECF28 /* WeatherWatch - Time and WeatherTests.xctest */,
				4D8944762A2890B600FECF28 /* WeatherWatch - Time and WeatherUITests.xctest */,
			);
			name = Products;
			sourceTree = "<group>";
		};
		4D8944552A2890B400FECF28 /* WeatherWatch - Time and Weather */ = {
			isa = PBXGroup;
			children = (
				4D89448D2A28DBEE00FECF28 /* Speech */,
				4D8944562A2890B400FECF28 /* AppDelegate.swift */,
				4D8944582A2890B400FECF28 /* SceneDelegate.swift */,
				4D89445A2A2890B400FECF28 /* MainViewController.swift */,
				4D8944932A2B3C4800FECF28 /* UserConfiguration.swift */,
				4D8944892A28C80500FECF28 /* Clock.swift */,
				4D8944622A2890B600FECF28 /* Assets.xcassets */,
				4D8944642A2890B600FECF28 /* LaunchScreen.storyboard */,
				4D8944672A2890B600FECF28 /* Info.plist */,
				4D89445F2A2890B400FECF28 /* WeatherWatch___Time_and_Weather.xcdatamodeld */,
			);
			path = "WeatherWatch - Time and Weather";
			sourceTree = "<group>";
		};
		4D89446F2A2890B600FECF28 /* WeatherWatch - Time and WeatherTests */ = {
			isa = PBXGroup;
			children = (
				4D8944952A2B6DF100FECF28 /* TestUserConfiguration.swift */,
				4D8944702A2890B600FECF28 /* WeatherWatch___Time_and_WeatherTests.swift */,
			);
			path = "WeatherWatch - Time and WeatherTests";
			sourceTree = "<group>";
		};
		4D8944792A2890B600FECF28 /* WeatherWatch - Time and WeatherUITests */ = {
			isa = PBXGroup;
			children = (
				4D89447A2A2890B600FECF28 /* WeatherWatch___Time_and_WeatherUITests.swift */,
				4D89447C2A2890B600FECF28 /* WeatherWatch___Time_and_WeatherUITestsLaunchTests.swift */,
			);
			path = "WeatherWatch - Time and WeatherUITests";
			sourceTree = "<group>";
		};
		4D89448D2A28DBEE00FECF28 /* Speech */ = {
			isa = PBXGroup;
			children = (
				4D89448B2A28DB4C00FECF28 /* SpeechSynthesizer.swift */,
				4D89448E2A28DC0C00FECF28 /* SupportedLanagues.swift */,
			);
			path = Speech;
			sourceTree = "<group>";
		};
/* End PBXGroup section */

/* Begin PBXNativeTarget section */
		4D8944522A2890B400FECF28 /* WeatherWatch - Time and Weather */ = {
			isa = PBXNativeTarget;
			buildConfigurationList = 4D8944802A2890B600FECF28 /* Build configuration list for PBXNativeTarget "WeatherWatch - Time and Weather" */;
			buildPhases = (
				4D89444F2A2890B400FECF28 /* Sources */,
				4D8944502A2890B400FECF28 /* Frameworks */,
				4D8944512A2890B400FECF28 /* Resources */,
			);
			buildRules = (
			);
			dependencies = (
			);
			name = "WeatherWatch - Time and Weather";
			packageProductDependencies = (
				4D8944912A2B3AD900FECF28 /* KeychainSwift */,
			);
			productName = "WeatherWatch - Time and Weather";
			productReference = 4D8944532A2890B400FECF28 /* WeatherWatch - Time and Weather.app */;
			productType = "com.apple.product-type.application";
		};
		4D89446B2A2890B600FECF28 /* WeatherWatch - Time and WeatherTests */ = {
			isa = PBXNativeTarget;
			buildConfigurationList = 4D8944832A2890B600FECF28 /* Build configuration list for PBXNativeTarget "WeatherWatch - Time and WeatherTests" */;
			buildPhases = (
				4D8944682A2890B600FECF28 /* Sources */,
				4D8944692A2890B600FECF28 /* Frameworks */,
				4D89446A2A2890B600FECF28 /* Resources */,
			);
			buildRules = (
			);
			dependencies = (
				4D89446E2A2890B600FECF28 /* PBXTargetDependency */,
			);
			name = "WeatherWatch - Time and WeatherTests";
			productName = "WeatherWatch - Time and WeatherTests";
			productReference = 4D89446C2A2890B600FECF28 /* WeatherWatch - Time and WeatherTests.xctest */;
			productType = "com.apple.product-type.bundle.unit-test";
		};
		4D8944752A2890B600FECF28 /* WeatherWatch - Time and WeatherUITests */ = {
			isa = PBXNativeTarget;
			buildConfigurationList = 4D8944862A2890B600FECF28 /* Build configuration list for PBXNativeTarget "WeatherWatch - Time and WeatherUITests" */;
			buildPhases = (
				4D8944722A2890B600FECF28 /* Sources */,
				4D8944732A2890B600FECF28 /* Frameworks */,
				4D8944742A2890B600FECF28 /* Resources */,
			);
			buildRules = (
			);
			dependencies = (
				4D8944782A2890B600FECF28 /* PBXTargetDependency */,
			);
			name = "WeatherWatch - Time and WeatherUITests";
			productName = "WeatherWatch - Time and WeatherUITests";
			productReference = 4D8944762A2890B600FECF28 /* WeatherWatch - Time and WeatherUITests.xctest */;
			productType = "com.apple.product-type.bundle.ui-testing";
		};
/* End PBXNativeTarget section */

/* Begin PBXProject section */
		4D89444B2A2890B300FECF28 /* Project object */ = {
			isa = PBXProject;
			attributes = {
				BuildIndependentTargetsInParallel = 1;
				LastSwiftUpdateCheck = 1430;
				LastUpgradeCheck = 1430;
				TargetAttributes = {
					4D8944522A2890B400FECF28 = {
						CreatedOnToolsVersion = 14.3;
					};
					4D89446B2A2890B600FECF28 = {
						CreatedOnToolsVersion = 14.3;
						TestTargetID = 4D8944522A2890B400FECF28;
					};
					4D8944752A2890B600FECF28 = {
						CreatedOnToolsVersion = 14.3;
						TestTargetID = 4D8944522A2890B400FECF28;
					};
				};
			};
			buildConfigurationList = 4D89444E2A2890B300FECF28 /* Build configuration list for PBXProject "WeatherWatch - Time and Weather" */;
			compatibilityVersion = "Xcode 14.0";
			developmentRegion = en;
			hasScannedForEncodings = 0;
			knownRegions = (
				en,
				Base,
			);
			mainGroup = 4D89444A2A2890B300FECF28;
			packageReferences = (
				4D8944902A2B3AD900FECF28 /* XCRemoteSwiftPackageReference "keychain-swift" */,
			);
			productRefGroup = 4D8944542A2890B400FECF28 /* Products */;
			projectDirPath = "";
			projectRoot = "";
			targets = (
				4D8944522A2890B400FECF28 /* WeatherWatch - Time and Weather */,
				4D89446B2A2890B600FECF28 /* WeatherWatch - Time and WeatherTests */,
				4D8944752A2890B600FECF28 /* WeatherWatch - Time and WeatherUITests */,
			);
		};
/* End PBXProject section */

/* Begin PBXResourcesBuildPhase section */
		4D8944512A2890B400FECF28 /* Resources */ = {
			isa = PBXResourcesBuildPhase;
			buildActionMask = 2147483647;
			files = (
				4D8944662A2890B600FECF28 /* LaunchScreen.storyboard in Resources */,
				4D8944632A2890B600FECF28 /* Assets.xcassets in Resources */,
			);
			runOnlyForDeploymentPostprocessing = 0;
		};
		4D89446A2A2890B600FECF28 /* Resources */ = {
			isa = PBXResourcesBuildPhase;
			buildActionMask = 2147483647;
			files = (
			);
			runOnlyForDeploymentPostprocessing = 0;
		};
		4D8944742A2890B600FECF28 /* Resources */ = {
			isa = PBXResourcesBuildPhase;
			buildActionMask = 2147483647;
			files = (
			);
			runOnlyForDeploymentPostprocessing = 0;
		};
/* End PBXResourcesBuildPhase section */

/* Begin PBXSourcesBuildPhase section */
		4D89444F2A2890B400FECF28 /* Sources */ = {
			isa = PBXSourcesBuildPhase;
			buildActionMask = 2147483647;
			files = (
				4D8944612A2890B400FECF28 /* WeatherWatch___Time_and_Weather.xcdatamodeld in Sources */,
				4D8944942A2B3C4800FECF28 /* UserConfiguration.swift in Sources */,
				4D89445B2A2890B400FECF28 /* MainViewController.swift in Sources */,
				4D89448F2A28DC0C00FECF28 /* SupportedLanagues.swift in Sources */,
				4D89448C2A28DB4C00FECF28 /* SpeechSynthesizer.swift in Sources */,
				4D8944572A2890B400FECF28 /* AppDelegate.swift in Sources */,
				4D8944592A2890B400FECF28 /* SceneDelegate.swift in Sources */,
				4D89448A2A28C80500FECF28 /* Clock.swift in Sources */,
			);
			runOnlyForDeploymentPostprocessing = 0;
		};
		4D8944682A2890B600FECF28 /* Sources */ = {
			isa = PBXSourcesBuildPhase;
			buildActionMask = 2147483647;
			files = (
				4D8944712A2890B600FECF28 /* WeatherWatch___Time_and_WeatherTests.swift in Sources */,
				4D8944962A2B6DF100FECF28 /* TestUserConfiguration.swift in Sources */,
			);
			runOnlyForDeploymentPostprocessing = 0;
		};
		4D8944722A2890B600FECF28 /* Sources */ = {
			isa = PBXSourcesBuildPhase;
			buildActionMask = 2147483647;
			files = (
				4D89447B2A2890B600FECF28 /* WeatherWatch___Time_and_WeatherUITests.swift in Sources */,
				4D89447D2A2890B600FECF28 /* WeatherWatch___Time_and_WeatherUITestsLaunchTests.swift in Sources */,
			);
			runOnlyForDeploymentPostprocessing = 0;
		};
/* End PBXSourcesBuildPhase section */

/* Begin PBXTargetDependency section */
		4D89446E2A2890B600FECF28 /* PBXTargetDependency */ = {
			isa = PBXTargetDependency;
			target = 4D8944522A2890B400FECF28 /* WeatherWatch - Time and Weather */;
			targetProxy = 4D89446D2A2890B600FECF28 /* PBXContainerItemProxy */;
		};
		4D8944782A2890B600FECF28 /* PBXTargetDependency */ = {
			isa = PBXTargetDependency;
			target = 4D8944522A2890B400FECF28 /* WeatherWatch - Time and Weather */;
			targetProxy = 4D8944772A2890B600FECF28 /* PBXContainerItemProxy */;
		};
/* End PBXTargetDependency section */

/* Begin PBXVariantGroup section */
		4D8944642A2890B600FECF28 /* LaunchScreen.storyboard */ = {
			isa = PBXVariantGroup;
			children = (
				4D8944652A2890B600FECF28 /* Base */,
			);
			name = LaunchScreen.storyboard;
			sourceTree = "<group>";
		};
/* End PBXVariantGroup section */

/* Begin XCBuildConfiguration section */
		4D89447E2A2890B600FECF28 /* Debug */ = {
			isa = XCBuildConfiguration;
			buildSettings = {
				ALWAYS_SEARCH_USER_PATHS = NO;
				CLANG_ANALYZER_NONNULL = YES;
				CLANG_ANALYZER_NUMBER_OBJECT_CONVERSION = YES_AGGRESSIVE;
				CLANG_CXX_LANGUAGE_STANDARD = "gnu++20";
				CLANG_ENABLE_MODULES = YES;
				CLANG_ENABLE_OBJC_ARC = YES;
				CLANG_ENABLE_OBJC_WEAK = YES;
				CLANG_WARN_BLOCK_CAPTURE_AUTORELEASING = YES;
				CLANG_WARN_BOOL_CONVERSION = YES;
				CLANG_WARN_COMMA = YES;
				CLANG_WARN_CONSTANT_CONVERSION = YES;
				CLANG_WARN_DEPRECATED_OBJC_IMPLEMENTATIONS = YES;
				CLANG_WARN_DIRECT_OBJC_ISA_USAGE = YES_ERROR;
				CLANG_WARN_DOCUMENTATION_COMMENTS = YES;
				CLANG_WARN_EMPTY_BODY = YES;
				CLANG_WARN_ENUM_CONVERSION = YES;
				CLANG_WARN_INFINITE_RECURSION = YES;
				CLANG_WARN_INT_CONVERSION = YES;
				CLANG_WARN_NON_LITERAL_NULL_CONVERSION = YES;
				CLANG_WARN_OBJC_IMPLICIT_RETAIN_SELF = YES;
				CLANG_WARN_OBJC_LITERAL_CONVERSION = YES;
				CLANG_WARN_OBJC_ROOT_CLASS = YES_ERROR;
				CLANG_WARN_QUOTED_INCLUDE_IN_FRAMEWORK_HEADER = YES;
				CLANG_WARN_RANGE_LOOP_ANALYSIS = YES;
				CLANG_WARN_STRICT_PROTOTYPES = YES;
				CLANG_WARN_SUSPICIOUS_MOVE = YES;
				CLANG_WARN_UNGUARDED_AVAILABILITY = YES_AGGRESSIVE;
				CLANG_WARN_UNREACHABLE_CODE = YES;
				CLANG_WARN__DUPLICATE_METHOD_MATCH = YES;
				COPY_PHASE_STRIP = NO;
				DEBUG_INFORMATION_FORMAT = dwarf;
				ENABLE_STRICT_OBJC_MSGSEND = YES;
				ENABLE_TESTABILITY = YES;
				GCC_C_LANGUAGE_STANDARD = gnu11;
				GCC_DYNAMIC_NO_PIC = NO;
				GCC_NO_COMMON_BLOCKS = YES;
				GCC_OPTIMIZATION_LEVEL = 0;
				GCC_PREPROCESSOR_DEFINITIONS = (
					"DEBUG=1",
					"$(inherited)",
				);
				GCC_WARN_64_TO_32_BIT_CONVERSION = YES;
				GCC_WARN_ABOUT_RETURN_TYPE = YES_ERROR;
				GCC_WARN_UNDECLARED_SELECTOR = YES;
				GCC_WARN_UNINITIALIZED_AUTOS = YES_AGGRESSIVE;
				GCC_WARN_UNUSED_FUNCTION = YES;
				GCC_WARN_UNUSED_VARIABLE = YES;
				IPHONEOS_DEPLOYMENT_TARGET = 16.4;
				MTL_ENABLE_DEBUG_INFO = INCLUDE_SOURCE;
				MTL_FAST_MATH = YES;
				ONLY_ACTIVE_ARCH = YES;
				SDKROOT = iphoneos;
				SWIFT_ACTIVE_COMPILATION_CONDITIONS = DEBUG;
				SWIFT_OPTIMIZATION_LEVEL = "-Onone";
			};
			name = Debug;
		};
		4D89447F2A2890B600FECF28 /* Release */ = {
			isa = XCBuildConfiguration;
			buildSettings = {
				ALWAYS_SEARCH_USER_PATHS = NO;
				CLANG_ANALYZER_NONNULL = YES;
				CLANG_ANALYZER_NUMBER_OBJECT_CONVERSION = YES_AGGRESSIVE;
				CLANG_CXX_LANGUAGE_STANDARD = "gnu++20";
				CLANG_ENABLE_MODULES = YES;
				CLANG_ENABLE_OBJC_ARC = YES;
				CLANG_ENABLE_OBJC_WEAK = YES;
				CLANG_WARN_BLOCK_CAPTURE_AUTORELEASING = YES;
				CLANG_WARN_BOOL_CONVERSION = YES;
				CLANG_WARN_COMMA = YES;
				CLANG_WARN_CONSTANT_CONVERSION = YES;
				CLANG_WARN_DEPRECATED_OBJC_IMPLEMENTATIONS = YES;
				CLANG_WARN_DIRECT_OBJC_ISA_USAGE = YES_ERROR;
				CLANG_WARN_DOCUMENTATION_COMMENTS = YES;
				CLANG_WARN_EMPTY_BODY = YES;
				CLANG_WARN_ENUM_CONVERSION = YES;
				CLANG_WARN_INFINITE_RECURSION = YES;
				CLANG_WARN_INT_CONVERSION = YES;
				CLANG_WARN_NON_LITERAL_NULL_CONVERSION = YES;
				CLANG_WARN_OBJC_IMPLICIT_RETAIN_SELF = YES;
				CLANG_WARN_OBJC_LITERAL_CONVERSION = YES;
				CLANG_WARN_OBJC_ROOT_CLASS = YES_ERROR;
				CLANG_WARN_QUOTED_INCLUDE_IN_FRAMEWORK_HEADER = YES;
				CLANG_WARN_RANGE_LOOP_ANALYSIS = YES;
				CLANG_WARN_STRICT_PROTOTYPES = YES;
				CLANG_WARN_SUSPICIOUS_MOVE = YES;
				CLANG_WARN_UNGUARDED_AVAILABILITY = YES_AGGRESSIVE;
				CLANG_WARN_UNREACHABLE_CODE = YES;
				CLANG_WARN__DUPLICATE_METHOD_MATCH = YES;
				COPY_PHASE_STRIP = NO;
				DEBUG_INFORMATION_FORMAT = "dwarf-with-dsym";
				ENABLE_NS_ASSERTIONS = NO;
				ENABLE_STRICT_OBJC_MSGSEND = YES;
				GCC_C_LANGUAGE_STANDARD = gnu11;
				GCC_NO_COMMON_BLOCKS = YES;
				GCC_WARN_64_TO_32_BIT_CONVERSION = YES;
				GCC_WARN_ABOUT_RETURN_TYPE = YES_ERROR;
				GCC_WARN_UNDECLARED_SELECTOR = YES;
				GCC_WARN_UNINITIALIZED_AUTOS = YES_AGGRESSIVE;
				GCC_WARN_UNUSED_FUNCTION = YES;
				GCC_WARN_UNUSED_VARIABLE = YES;
				IPHONEOS_DEPLOYMENT_TARGET = 16.4;
				MTL_ENABLE_DEBUG_INFO = NO;
				MTL_FAST_MATH = YES;
				SDKROOT = iphoneos;
				SWIFT_COMPILATION_MODE = wholemodule;
				SWIFT_OPTIMIZATION_LEVEL = "-O";
				VALIDATE_PRODUCT = YES;
			};
			name = Release;
		};
		4D8944812A2890B600FECF28 /* Debug */ = {
			isa = XCBuildConfiguration;
			buildSettings = {
				ASSETCATALOG_COMPILER_APPICON_NAME = AppIcon;
				ASSETCATALOG_COMPILER_GLOBAL_ACCENT_COLOR_NAME = AccentColor;
				CODE_SIGN_STYLE = Automatic;
				CURRENT_PROJECT_VERSION = 1;
				DEVELOPMENT_TEAM = GEKZN86RYS;
				GENERATE_INFOPLIST_FILE = YES;
				INFOPLIST_FILE = "WeatherWatch - Time and Weather/Info.plist";
				INFOPLIST_KEY_UIApplicationSupportsIndirectInputEvents = YES;
				INFOPLIST_KEY_UILaunchStoryboardName = LaunchScreen;
				INFOPLIST_KEY_UISupportedInterfaceOrientations_iPad = "UIInterfaceOrientationPortrait UIInterfaceOrientationPortraitUpsideDown UIInterfaceOrientationLandscapeLeft UIInterfaceOrientationLandscapeRight";
				INFOPLIST_KEY_UISupportedInterfaceOrientations_iPhone = "UIInterfaceOrientationPortrait UIInterfaceOrientationLandscapeLeft UIInterfaceOrientationLandscapeRight";
				LD_RUNPATH_SEARCH_PATHS = (
					"$(inherited)",
					"@executable_path/Frameworks",
				);
				MARKETING_VERSION = 1.0;
				PRODUCT_BUNDLE_IDENTIFIER = "com.whizbang.WeatherWatch---Time-and-Weather";
				PRODUCT_NAME = "$(TARGET_NAME)";
				SWIFT_EMIT_LOC_STRINGS = YES;
				SWIFT_VERSION = 5.0;
				TARGETED_DEVICE_FAMILY = "1,2";
			};
			name = Debug;
		};
		4D8944822A2890B600FECF28 /* Release */ = {
			isa = XCBuildConfiguration;
			buildSettings = {
				ASSETCATALOG_COMPILER_APPICON_NAME = AppIcon;
				ASSETCATALOG_COMPILER_GLOBAL_ACCENT_COLOR_NAME = AccentColor;
				CODE_SIGN_STYLE = Automatic;
				CURRENT_PROJECT_VERSION = 1;
				DEVELOPMENT_TEAM = GEKZN86RYS;
				GENERATE_INFOPLIST_FILE = YES;
				INFOPLIST_FILE = "WeatherWatch - Time and Weather/Info.plist";
				INFOPLIST_KEY_UIApplicationSupportsIndirectInputEvents = YES;
				INFOPLIST_KEY_UILaunchStoryboardName = LaunchScreen;
				INFOPLIST_KEY_UISupportedInterfaceOrientations_iPad = "UIInterfaceOrientationPortrait UIInterfaceOrientationPortraitUpsideDown UIInterfaceOrientationLandscapeLeft UIInterfaceOrientationLandscapeRight";
				INFOPLIST_KEY_UISupportedInterfaceOrientations_iPhone = "UIInterfaceOrientationPortrait UIInterfaceOrientationLandscapeLeft UIInterfaceOrientationLandscapeRight";
				LD_RUNPATH_SEARCH_PATHS = (
					"$(inherited)",
					"@executable_path/Frameworks",
				);
				MARKETING_VERSION = 1.0;
				PRODUCT_BUNDLE_IDENTIFIER = "com.whizbang.WeatherWatch---Time-and-Weather";
				PRODUCT_NAME = "$(TARGET_NAME)";
				SWIFT_EMIT_LOC_STRINGS = YES;
				SWIFT_VERSION = 5.0;
				TARGETED_DEVICE_FAMILY = "1,2";
			};
			name = Release;
		};
		4D8944842A2890B600FECF28 /* Debug */ = {
			isa = XCBuildConfiguration;
			buildSettings = {
				ALWAYS_EMBED_SWIFT_STANDARD_LIBRARIES = YES;
				BUNDLE_LOADER = "$(TEST_HOST)";
				CODE_SIGN_STYLE = Automatic;
				CURRENT_PROJECT_VERSION = 1;
				DEVELOPMENT_TEAM = GEKZN86RYS;
				GENERATE_INFOPLIST_FILE = YES;
				IPHONEOS_DEPLOYMENT_TARGET = 16.4;
				MARKETING_VERSION = 1.0;
				PRODUCT_BUNDLE_IDENTIFIER = "com.whizbang.WeatherWatch---Time-and-WeatherTests";
				PRODUCT_NAME = "$(TARGET_NAME)";
				SWIFT_EMIT_LOC_STRINGS = NO;
				SWIFT_VERSION = 5.0;
				TARGETED_DEVICE_FAMILY = "1,2";
				TEST_HOST = "$(BUILT_PRODUCTS_DIR)/WeatherWatch - Time and Weather.app/$(BUNDLE_EXECUTABLE_FOLDER_PATH)/WeatherWatch - Time and Weather";
			};
			name = Debug;
		};
		4D8944852A2890B600FECF28 /* Release */ = {
			isa = XCBuildConfiguration;
			buildSettings = {
				ALWAYS_EMBED_SWIFT_STANDARD_LIBRARIES = YES;
				BUNDLE_LOADER = "$(TEST_HOST)";
				CODE_SIGN_STYLE = Automatic;
				CURRENT_PROJECT_VERSION = 1;
				DEVELOPMENT_TEAM = GEKZN86RYS;
				GENERATE_INFOPLIST_FILE = YES;
				IPHONEOS_DEPLOYMENT_TARGET = 16.4;
				MARKETING_VERSION = 1.0;
				PRODUCT_BUNDLE_IDENTIFIER = "com.whizbang.WeatherWatch---Time-and-WeatherTests";
				PRODUCT_NAME = "$(TARGET_NAME)";
				SWIFT_EMIT_LOC_STRINGS = NO;
				SWIFT_VERSION = 5.0;
				TARGETED_DEVICE_FAMILY = "1,2";
				TEST_HOST = "$(BUILT_PRODUCTS_DIR)/WeatherWatch - Time and Weather.app/$(BUNDLE_EXECUTABLE_FOLDER_PATH)/WeatherWatch - Time and Weather";
			};
			name = Release;
		};
		4D8944872A2890B600FECF28 /* Debug */ = {
			isa = XCBuildConfiguration;
			buildSettings = {
				ALWAYS_EMBED_SWIFT_STANDARD_LIBRARIES = YES;
				CODE_SIGN_STYLE = Automatic;
				CURRENT_PROJECT_VERSION = 1;
				DEVELOPMENT_TEAM = GEKZN86RYS;
				GENERATE_INFOPLIST_FILE = YES;
				MARKETING_VERSION = 1.0;
				PRODUCT_BUNDLE_IDENTIFIER = "com.whizbang.WeatherWatch---Time-and-WeatherUITests";
				PRODUCT_NAME = "$(TARGET_NAME)";
				SWIFT_EMIT_LOC_STRINGS = NO;
				SWIFT_VERSION = 5.0;
				TARGETED_DEVICE_FAMILY = "1,2";
				TEST_TARGET_NAME = "WeatherWatch - Time and Weather";
			};
			name = Debug;
		};
		4D8944882A2890B600FECF28 /* Release */ = {
			isa = XCBuildConfiguration;
			buildSettings = {
				ALWAYS_EMBED_SWIFT_STANDARD_LIBRARIES = YES;
				CODE_SIGN_STYLE = Automatic;
				CURRENT_PROJECT_VERSION = 1;
				DEVELOPMENT_TEAM = GEKZN86RYS;
				GENERATE_INFOPLIST_FILE = YES;
				MARKETING_VERSION = 1.0;
				PRODUCT_BUNDLE_IDENTIFIER = "com.whizbang.WeatherWatch---Time-and-WeatherUITests";
				PRODUCT_NAME = "$(TARGET_NAME)";
				SWIFT_EMIT_LOC_STRINGS = NO;
				SWIFT_VERSION = 5.0;
				TARGETED_DEVICE_FAMILY = "1,2";
				TEST_TARGET_NAME = "WeatherWatch - Time and Weather";
			};
			name = Release;
		};
/* End XCBuildConfiguration section */

/* Begin XCConfigurationList section */
		4D89444E2A2890B300FECF28 /* Build configuration list for PBXProject "WeatherWatch - Time and Weather" */ = {
			isa = XCConfigurationList;
			buildConfigurations = (
				4D89447E2A2890B600FECF28 /* Debug */,
				4D89447F2A2890B600FECF28 /* Release */,
			);
			defaultConfigurationIsVisible = 0;
			defaultConfigurationName = Release;
		};
		4D8944802A2890B600FECF28 /* Build configuration list for PBXNativeTarget "WeatherWatch - Time and Weather" */ = {
			isa = XCConfigurationList;
			buildConfigurations = (
				4D8944812A2890B600FECF28 /* Debug */,
				4D8944822A2890B600FECF28 /* Release */,
			);
			defaultConfigurationIsVisible = 0;
			defaultConfigurationName = Release;
		};
		4D8944832A2890B600FECF28 /* Build configuration list for PBXNativeTarget "WeatherWatch - Time and WeatherTests" */ = {
			isa = XCConfigurationList;
			buildConfigurations = (
				4D8944842A2890B600FECF28 /* Debug */,
				4D8944852A2890B600FECF28 /* Release */,
			);
			defaultConfigurationIsVisible = 0;
			defaultConfigurationName = Release;
		};
		4D8944862A2890B600FECF28 /* Build configuration list for PBXNativeTarget "WeatherWatch - Time and WeatherUITests" */ = {
			isa = XCConfigurationList;
			buildConfigurations = (
				4D8944872A2890B600FECF28 /* Debug */,
				4D8944882A2890B600FECF28 /* Release */,
			);
			defaultConfigurationIsVisible = 0;
			defaultConfigurationName = Release;
		};
/* End XCConfigurationList section */

/* Begin XCRemoteSwiftPackageReference section */
		4D8944902A2B3AD900FECF28 /* XCRemoteSwiftPackageReference "keychain-swift" */ = {
			isa = XCRemoteSwiftPackageReference;
			repositoryURL = "https://github.com/evgenyneu/keychain-swift.git";
			requirement = {
				kind = upToNextMajorVersion;
				minimumVersion = 20.0.0;
			};
		};
/* End XCRemoteSwiftPackageReference section */

/* Begin XCSwiftPackageProductDependency section */
		4D8944912A2B3AD900FECF28 /* KeychainSwift */ = {
			isa = XCSwiftPackageProductDependency;
			package = 4D8944902A2B3AD900FECF28 /* XCRemoteSwiftPackageReference "keychain-swift" */;
			productName = KeychainSwift;
		};
/* End XCSwiftPackageProductDependency section */

/* Begin XCVersionGroup section */
		4D89445F2A2890B400FECF28 /* WeatherWatch___Time_and_Weather.xcdatamodeld */ = {
			isa = XCVersionGroup;
			children = (
				4D8944602A2890B400FECF28 /* WeatherWatch___Time_and_Weather.xcdatamodel */,
			);
			currentVersion = 4D8944602A2890B400FECF28 /* WeatherWatch___Time_and_Weather.xcdatamodel */;
			path = "WeatherWatch___Time_and_Weather.xcdatamodeld";
			sourceTree = "<group>";
			versionGroupType = wrapper.xcdatamodel;
		};
/* End XCVersionGroup section */
	};
	rootObject = 4D89444B2A2890B300FECF28 /* Project object */;
}
